
Microsoft Visual Studio Solution File, Format Version 12.00
# Visual Studio Version 16
VisualStudioVersion = 16.0.30517.126
MinimumVisualStudioVersion = 10.0.40219.1
Project("{FAE04EC0-301F-11D3-BF4B-00C04F79EFBC}") = "FizzBuzz-Core-Using-Models", "FizzBuzz-Core-Using-Models\FizzBuzz-Core-Using-Models.csproj", "{01541FB6-1505-42A8-830A-BA62416EE711}"
EndProject
Global
	GlobalSection(SolutionConfigurationPlatforms) = preSolution
		Debug|Any CPU = Debug|Any CPU
		Release|Any CPU = Release|Any CPU
	EndGlobalSection
	GlobalSection(ProjectConfigurationPlatforms) = postSolution
		{01541FB6-1505-42A8-830A-BA62416EE711}.Debug|Any CPU.ActiveCfg = Debug|Any CPU
		{01541FB6-1505-42A8-830A-BA62416EE711}.Debug|Any CPU.Build.0 = Debug|Any CPU
		{01541FB6-1505-42A8-830A-BA62416EE711}.Release|Any CPU.ActiveCfg = Release|Any CPU
		{01541FB6-1505-42A8-830A-BA62416EE711}.Release|Any CPU.Build.0 = Release|Any CPU
	EndGlobalSection
	GlobalSection(SolutionProperties) = preSolution
		HideSolutionNode = FALSE
	EndGlobalSection
	GlobalSection(ExtensibilityGlobals) = postSolution
		SolutionGuid = {11851397-DBBE-473E-AA68-8377DC7C8AE3}
	EndGlobalSection
EndGlobal
